
Microsoft Visual Studio Solution File, Format Version 12.00
# Visual Studio 15
VisualStudioVersion = 15.0.26124.0
MinimumVisualStudioVersion = 15.0.26124.0
Project("{2150E333-8FDC-42A3-9474-1A3956D46DE8}") = "src", "src", "{B2199F06-C40F-4A6A-A48B-88E81C97A6B1}"
EndProject
Project("{FAE04EC0-301F-11D3-BF4B-00C04F79EFBC}") = "GradeBook", "src\GradeBook\GradeBook.csproj", "{4E3AD1E1-B91D-4791-82E2-33F211552CA5}"
EndProject
Project("{2150E333-8FDC-42A3-9474-1A3956D46DE8}") = "test", "test", "{68D5084D-E8B5-451A-B1E1-AEC8B5B87A73}"
EndProject
Project("{FAE04EC0-301F-11D3-BF4B-00C04F79EFBC}") = "GradeBook.Tests", "test\GradeBook.Tests\GradeBook.Tests.csproj", "{FEBFF704-0B3A-4703-B3B6-1CFC47124319}"
EndProject
Global
	GlobalSection(SolutionConfigurationPlatforms) = preSolution
		Debug|Any CPU = Debug|Any CPU
		Debug|x64 = Debug|x64
		Debug|x86 = Debug|x86
		Release|Any CPU = Release|Any CPU
		Release|x64 = Release|x64
		Release|x86 = Release|x86
	EndGlobalSection
	GlobalSection(SolutionProperties) = preSolution
		HideSolutionNode = FALSE
	EndGlobalSection
	GlobalSection(ProjectConfigurationPlatforms) = postSolution
		{4E3AD1E1-B91D-4791-82E2-33F211552CA5}.Debug|Any CPU.ActiveCfg = Debug|Any CPU
		{4E3AD1E1-B91D-4791-82E2-33F211552CA5}.Debug|Any CPU.Build.0 = Debug|Any CPU
		{4E3AD1E1-B91D-4791-82E2-33F211552CA5}.Debug|x64.ActiveCfg = Debug|Any CPU
		{4E3AD1E1-B91D-4791-82E2-33F211552CA5}.Debug|x64.Build.0 = Debug|Any CPU
		{4E3AD1E1-B91D-4791-82E2-33F211552CA5}.Debug|x86.ActiveCfg = Debug|Any CPU
		{4E3AD1E1-B91D-4791-82E2-33F211552CA5}.Debug|x86.Build.0 = Debug|Any CPU
		{4E3AD1E1-B91D-4791-82E2-33F211552CA5}.Release|Any CPU.ActiveCfg = Release|Any CPU
		{4E3AD1E1-B91D-4791-82E2-33F211552CA5}.Release|Any CPU.Build.0 = Release|Any CPU
		{4E3AD1E1-B91D-4791-82E2-33F211552CA5}.Release|x64.ActiveCfg = Release|Any CPU
		{4E3AD1E1-B91D-4791-82E2-33F211552CA5}.Release|x64.Build.0 = Release|Any CPU
		{4E3AD1E1-B91D-4791-82E2-33F211552CA5}.Release|x86.ActiveCfg = Release|Any CPU
		{4E3AD1E1-B91D-4791-82E2-33F211552CA5}.Release|x86.Build.0 = Release|Any CPU
		{FEBFF704-0B3A-4703-B3B6-1CFC47124319}.Debug|Any CPU.ActiveCfg = Debug|Any CPU
		{FEBFF704-0B3A-4703-B3B6-1CFC47124319}.Debug|Any CPU.Build.0 = Debug|Any CPU
		{FEBFF704-0B3A-4703-B3B6-1CFC47124319}.Debug|x64.ActiveCfg = Debug|Any CPU
		{FEBFF704-0B3A-4703-B3B6-1CFC47124319}.Debug|x64.Build.0 = Debug|Any CPU
		{FEBFF704-0B3A-4703-B3B6-1CFC47124319}.Debug|x86.ActiveCfg = Debug|Any CPU
		{FEBFF704-0B3A-4703-B3B6-1CFC47124319}.Debug|x86.Build.0 = Debug|Any CPU
		{FEBFF704-0B3A-4703-B3B6-1CFC47124319}.Release|Any CPU.ActiveCfg = Release|Any CPU
		{FEBFF704-0B3A-4703-B3B6-1CFC47124319}.Release|Any CPU.Build.0 = Release|Any CPU
		{FEBFF704-0B3A-4703-B3B6-1CFC47124319}.Release|x64.ActiveCfg = Release|Any CPU
		{FEBFF704-0B3A-4703-B3B6-1CFC47124319}.Release|x64.Build.0 = Release|Any CPU
		{FEBFF704-0B3A-4703-B3B6-1CFC47124319}.Release|x86.ActiveCfg = Release|Any CPU
		{FEBFF704-0B3A-4703-B3B6-1CFC47124319}.Release|x86.Build.0 = Release|Any CPU
	EndGlobalSection
	GlobalSection(NestedProjects) = preSolution
		{4E3AD1E1-B91D-4791-82E2-33F211552CA5} = {B2199F06-C40F-4A6A-A48B-88E81C97A6B1}
		{FEBFF704-0B3A-4703-B3B6-1CFC47124319} = {68D5084D-E8B5-451A-B1E1-AEC8B5B87A73}
	EndGlobalSection
EndGlobal
